
Microsoft Visual Studio Solution File, Format Version 12.00
# Visual Studio Version 17
VisualStudioVersion = 17.0.31903.59
MinimumVisualStudioVersion = 10.0.40219.1
Project("{9A19103F-16F7-4668-BE54-9A1E7A4F7556}") = "SampleApplication", "SampleApplication\SampleApplication.csproj", "{FF80AF69-3F98-42A1-9BAC-FA01460009D7}"
EndProject
Project("{FAE04EC0-301F-11D3-BF4B-00C04F79EFBC}") = "SampleApplication.UnitTests", "SampleApplication.UnitTests\SampleApplication.UnitTests.csproj", "{71774B42-8C5C-4468-B613-B9E042C9521C}"
EndProject
Global
	GlobalSection(SolutionConfigurationPlatforms) = preSolution
		Debug|Any CPU = Debug|Any CPU
		Release|Any CPU = Release|Any CPU
	EndGlobalSection
	GlobalSection(ProjectConfigurationPlatforms) = postSolution
		{FF80AF69-3F98-42A1-9BAC-FA01460009D7}.Debug|Any CPU.ActiveCfg = Debug|Any CPU
		{FF80AF69-3F98-42A1-9BAC-FA01460009D7}.Debug|Any CPU.Build.0 = Debug|Any CPU
		{FF80AF69-3F98-42A1-9BAC-FA01460009D7}.Release|Any CPU.ActiveCfg = Release|Any CPU
		{FF80AF69-3F98-42A1-9BAC-FA01460009D7}.Release|Any CPU.Build.0 = Release|Any CPU
		{71774B42-8C5C-4468-B613-B9E042C9521C}.Debug|Any CPU.ActiveCfg = Debug|Any CPU
		{71774B42-8C5C-4468-B613-B9E042C9521C}.Debug|Any CPU.Build.0 = Debug|Any CPU
		{71774B42-8C5C-4468-B613-B9E042C9521C}.Release|Any CPU.ActiveCfg = Release|Any CPU
		{71774B42-8C5C-4468-B613-B9E042C9521C}.Release|Any CPU.Build.0 = Release|Any CPU
	EndGlobalSection
	GlobalSection(SolutionProperties) = preSolution
		HideSolutionNode = FALSE
	EndGlobalSection
	GlobalSection(ExtensibilityGlobals) = postSolution
		SolutionGuid = {DB252340-5EEC-4674-A8FF-033FEC450AB4}
	EndGlobalSection
EndGlobal
