
Microsoft Visual Studio Solution File, Format Version 12.00
# Visual Studio Version 17
VisualStudioVersion = 17.0.31903.59
MinimumVisualStudioVersion = 10.0.40219.1
Project("{9A19103F-16F7-4668-BE54-9A1E7A4F7556}") = "SampleApplication", "SampleApplication\SampleApplication.csproj", "{D12E1DF4-A93A-4ADB-9A42-73A2E4EF4270}"
EndProject
Global
	GlobalSection(SolutionConfigurationPlatforms) = preSolution
		Debug|Any CPU = Debug|Any CPU
		Release|Any CPU = Release|Any CPU
	EndGlobalSection
	GlobalSection(ProjectConfigurationPlatforms) = postSolution
		{D12E1DF4-A93A-4ADB-9A42-73A2E4EF4270}.Debug|Any CPU.ActiveCfg = Debug|Any CPU
		{D12E1DF4-A93A-4ADB-9A42-73A2E4EF4270}.Debug|Any CPU.Build.0 = Debug|Any CPU
		{D12E1DF4-A93A-4ADB-9A42-73A2E4EF4270}.Release|Any CPU.ActiveCfg = Release|Any CPU
		{D12E1DF4-A93A-4ADB-9A42-73A2E4EF4270}.Release|Any CPU.Build.0 = Release|Any CPU
	EndGlobalSection
	GlobalSection(SolutionProperties) = preSolution
		HideSolutionNode = FALSE
	EndGlobalSection
	GlobalSection(ExtensibilityGlobals) = postSolution
		SolutionGuid = {A49D5EEC-F9BB-4F03-BD2E-95277FE4C266}
	EndGlobalSection
EndGlobal
