
Microsoft Visual Studio Solution File, Format Version 12.00
# Visual Studio Version 17
VisualStudioVersion = 17.0.31903.59
MinimumVisualStudioVersion = 10.0.40219.1
Project("{9A19103F-16F7-4668-BE54-9A1E7A4F7556}") = "ECommerce", "ECommerce\ECommerce.csproj", "{2CBC60B3-1643-435F-8F62-B5CCA7213E4B}"
EndProject
Global
	GlobalSection(SolutionConfigurationPlatforms) = preSolution
		Debug|Any CPU = Debug|Any CPU
		Release|Any CPU = Release|Any CPU
	EndGlobalSection
	GlobalSection(ProjectConfigurationPlatforms) = postSolution
		{2CBC60B3-1643-435F-8F62-B5CCA7213E4B}.Debug|Any CPU.ActiveCfg = Debug|Any CPU
		{2CBC60B3-1643-435F-8F62-B5CCA7213E4B}.Debug|Any CPU.Build.0 = Debug|Any CPU
		{2CBC60B3-1643-435F-8F62-B5CCA7213E4B}.Release|Any CPU.ActiveCfg = Release|Any CPU
		{2CBC60B3-1643-435F-8F62-B5CCA7213E4B}.Release|Any CPU.Build.0 = Release|Any CPU
	EndGlobalSection
	GlobalSection(SolutionProperties) = preSolution
		HideSolutionNode = FALSE
	EndGlobalSection
	GlobalSection(ExtensibilityGlobals) = postSolution
		SolutionGuid = {7F24CF58-8B30-4A21-B709-702F44A88C88}
	EndGlobalSection
EndGlobal
