
Microsoft Visual Studio Solution File, Format Version 12.00
# Visual Studio Version 17
VisualStudioVersion = 17.0.31903.59
MinimumVisualStudioVersion = 10.0.40219.1
Project("{9A19103F-16F7-4668-BE54-9A1E7A4F7556}") = "SimpleBindings", "SimpleBindings\SimpleBindings.csproj", "{D9F6159B-2366-433A-9012-AC910136DD28}"
EndProject
Global
	GlobalSection(SolutionConfigurationPlatforms) = preSolution
		Debug|Any CPU = Debug|Any CPU
		Release|Any CPU = Release|Any CPU
	EndGlobalSection
	GlobalSection(ProjectConfigurationPlatforms) = postSolution
		{D9F6159B-2366-433A-9012-AC910136DD28}.Debug|Any CPU.ActiveCfg = Debug|Any CPU
		{D9F6159B-2366-433A-9012-AC910136DD28}.Debug|Any CPU.Build.0 = Debug|Any CPU
		{D9F6159B-2366-433A-9012-AC910136DD28}.Release|Any CPU.ActiveCfg = Release|Any CPU
		{D9F6159B-2366-433A-9012-AC910136DD28}.Release|Any CPU.Build.0 = Release|Any CPU
	EndGlobalSection
	GlobalSection(SolutionProperties) = preSolution
		HideSolutionNode = FALSE
	EndGlobalSection
	GlobalSection(ExtensibilityGlobals) = postSolution
		SolutionGuid = {A63D9978-0E2A-4CB9-B9C0-1A9547768ACD}
	EndGlobalSection
EndGlobal
